// !$*UTF8*$!
{
	archiveVersion = 1;
	classes = {
	};
	objectVersion = 46;
	objects = {

/* Begin PBXBuildFile section */
		9073CFF323F5BB71003B5B4D /* main.c in Sources */ = {isa = PBXBuildFile; fileRef = 9073CFF223F5BB71003B5B4D /* main.c */; };
		9073D00923F5BE5C003B5B4D /* adc.c in Sources */ = {isa = PBXBuildFile; fileRef = 9073D00823F5BE5B003B5B4D /* adc.c */; };
		9073D00D23F5BE86003B5B4D /* gps.c in Sources */ = {isa = PBXBuildFile; fileRef = 9073D00C23F5BE86003B5B4D /* gps.c */; };
		9073D01323F5BEA9003B5B4D /* initialisation.c in Sources */ = {isa = PBXBuildFile; fileRef = 9073D01223F5BEA9003B5B4D /* initialisation.c */; };
		9073D01523F5BEB8003B5B4D /* interrupt.c in Sources */ = {isa = PBXBuildFile; fileRef = 9073D01423F5BEB8003B5B4D /* interrupt.c */; };
		9073D01823F5BEC6003B5B4D /* sensors.c in Sources */ = {isa = PBXBuildFile; fileRef = 9073D01723F5BEC6003B5B4D /* sensors.c */; };
		9073D01B23F5BED5003B5B4D /* uart.c in Sources */ = {isa = PBXBuildFile; fileRef = 9073D01A23F5BED5003B5B4D /* uart.c */; };
		90E77FC024005E01007A303D /* twi.c in Sources */ = {isa = PBXBuildFile; fileRef = 90E77FBF24005E01007A303D /* twi.c */; };
/* End PBXBuildFile section */

/* Begin PBXFileReference section */
		9073CFEF23F5BB71003B5B4D /* Index */ = {isa = PBXFileReference; explicitFileType = "compiled.mach-o.executable"; includeInIndex = 0; path = Index; sourceTree = BUILT_PRODUCTS_DIR; };
		9073CFF223F5BB71003B5B4D /* main.c */ = {isa = PBXFileReference; lastKnownFileType = sourcecode.c.c; path = main.c; sourceTree = "<group>"; };
		9073CFF523F5BB71003B5B4D /* Makefile */ = {isa = PBXFileReference; lastKnownFileType = sourcecode.make; path = Makefile; sourceTree = "<group>"; };
		9073D00723F5BE5B003B5B4D /* adc.h */ = {isa = PBXFileReference; fileEncoding = 4; lastKnownFileType = sourcecode.c.h; path = adc.h; sourceTree = "<group>"; };
		9073D00823F5BE5B003B5B4D /* adc.c */ = {isa = PBXFileReference; fileEncoding = 4; lastKnownFileType = sourcecode.c.c; path = adc.c; sourceTree = "<group>"; };
		9073D00A23F5BE70003B5B4D /* constant.h */ = {isa = PBXFileReference; lastKnownFileType = sourcecode.c.h; path = constant.h; sourceTree = "<group>"; };
		9073D00B23F5BE86003B5B4D /* gps.h */ = {isa = PBXFileReference; fileEncoding = 4; lastKnownFileType = sourcecode.c.h; path = gps.h; sourceTree = "<group>"; };
		9073D00C23F5BE86003B5B4D /* gps.c */ = {isa = PBXFileReference; fileEncoding = 4; lastKnownFileType = sourcecode.c.c; path = gps.c; sourceTree = "<group>"; };
		9073D01123F5BEA9003B5B4D /* initialisation.h */ = {isa = PBXFileReference; fileEncoding = 4; lastKnownFileType = sourcecode.c.h; path = initialisation.h; sourceTree = "<group>"; };
		9073D01223F5BEA9003B5B4D /* initialisation.c */ = {isa = PBXFileReference; fileEncoding = 4; lastKnownFileType = sourcecode.c.c; path = initialisation.c; sourceTree = "<group>"; };
		9073D01423F5BEB8003B5B4D /* interrupt.c */ = {isa = PBXFileReference; fileEncoding = 4; lastKnownFileType = sourcecode.c.c; path = interrupt.c; sourceTree = "<group>"; };
		9073D01623F5BEC6003B5B4D /* sensors.h */ = {isa = PBXFileReference; fileEncoding = 4; lastKnownFileType = sourcecode.c.h; path = sensors.h; sourceTree = "<group>"; };
		9073D01723F5BEC6003B5B4D /* sensors.c */ = {isa = PBXFileReference; fileEncoding = 4; lastKnownFileType = sourcecode.c.c; path = sensors.c; sourceTree = "<group>"; };
		9073D01923F5BED5003B5B4D /* uart.h */ = {isa = PBXFileReference; fileEncoding = 4; lastKnownFileType = sourcecode.c.h; path = uart.h; sourceTree = "<group>"; };
		9073D01A23F5BED5003B5B4D /* uart.c */ = {isa = PBXFileReference; fileEncoding = 4; lastKnownFileType = sourcecode.c.c; path = uart.c; sourceTree = "<group>"; };
		90E77FBE24005E01007A303D /* twi.h */ = {isa = PBXFileReference; fileEncoding = 4; lastKnownFileType = sourcecode.c.h; path = twi.h; sourceTree = "<group>"; };
		90E77FBF24005E01007A303D /* twi.c */ = {isa = PBXFileReference; fileEncoding = 4; lastKnownFileType = sourcecode.c.c; path = twi.c; sourceTree = "<group>"; };
/* End PBXFileReference section */

/* Begin PBXGroup section */
		9073CFE423F5BB71003B5B4D = {
			isa = PBXGroup;
			children = (
				9073CFF123F5BB71003B5B4D /* LawnMower_SlaveBoard */,
				9073CFF023F5BB71003B5B4D /* Products */,
			);
			sourceTree = "<group>";
		};
		9073CFF023F5BB71003B5B4D /* Products */ = {
			isa = PBXGroup;
			children = (
				9073CFEF23F5BB71003B5B4D /* Index */,
			);
			name = Products;
			sourceTree = "<group>";
		};
		9073CFF123F5BB71003B5B4D /* LawnMower_SlaveBoard */ = {
			isa = PBXGroup;
			children = (
				9073CFF223F5BB71003B5B4D /* main.c */,
				9073CFF423F5BB71003B5B4D /* Makefiles */,
				9073D00723F5BE5B003B5B4D /* adc.h */,
				9073D00823F5BE5B003B5B4D /* adc.c */,
				9073D00A23F5BE70003B5B4D /* constant.h */,
				9073D00B23F5BE86003B5B4D /* gps.h */,
				9073D00C23F5BE86003B5B4D /* gps.c */,
				9073D01123F5BEA9003B5B4D /* initialisation.h */,
				9073D01223F5BEA9003B5B4D /* initialisation.c */,
				9073D01423F5BEB8003B5B4D /* interrupt.c */,
				9073D01623F5BEC6003B5B4D /* sensors.h */,
				9073D01723F5BEC6003B5B4D /* sensors.c */,
				9073D01923F5BED5003B5B4D /* uart.h */,
				9073D01A23F5BED5003B5B4D /* uart.c */,
				90E77FBE24005E01007A303D /* twi.h */,
				90E77FBF24005E01007A303D /* twi.c */,
			);
			path = LawnMower_SlaveBoard;
			sourceTree = "<group>";
		};
		9073CFF423F5BB71003B5B4D /* Makefiles */ = {
			isa = PBXGroup;
			children = (
				9073CFF523F5BB71003B5B4D /* Makefile */,
			);
			name = Makefiles;
			sourceTree = "<group>";
		};
/* End PBXGroup section */

/* Begin PBXLegacyTarget section */
		9073CFE923F5BB71003B5B4D /* All */ = {
			isa = PBXLegacyTarget;
			buildArgumentsString = "all -C \"$(PROJECT)\"";
			buildConfigurationList = 9073CFF823F5BB71003B5B4D /* Build configuration list for PBXLegacyTarget "All" */;
			buildPhases = (
			);
			buildToolPath = make;
			dependencies = (
			);
			name = All;
			passBuildSettingsInEnvironment = 1;
			productName = All;
		};
		9073CFEA23F5BB71003B5B4D /* Build */ = {
			isa = PBXLegacyTarget;
			buildArgumentsString = "build -C \"$(PROJECT)\"";
			buildConfigurationList = 9073CFFB23F5BB71003B5B4D /* Build configuration list for PBXLegacyTarget "Build" */;
			buildPhases = (
			);
			buildToolPath = make;
			dependencies = (
			);
			name = Build;
			passBuildSettingsInEnvironment = 1;
			productName = Build;
		};
		9073CFEB23F5BB71003B5B4D /* Upload */ = {
			isa = PBXLegacyTarget;
			buildArgumentsString = "program -C \"$(PROJECT)\"";
			buildConfigurationList = 9073CFFE23F5BB71003B5B4D /* Build configuration list for PBXLegacyTarget "Upload" */;
			buildPhases = (
			);
			buildToolPath = make;
			dependencies = (
			);
			name = Upload;
			passBuildSettingsInEnvironment = 1;
			productName = Upload;
		};
		9073CFEC23F5BB71003B5B4D /* Clean */ = {
			isa = PBXLegacyTarget;
			buildArgumentsString = "clean -C \"$(PROJECT)\"";
			buildConfigurationList = 9073D00123F5BB71003B5B4D /* Build configuration list for PBXLegacyTarget "Clean" */;
			buildPhases = (
			);
			buildToolPath = make;
			dependencies = (
			);
			name = Clean;
			passBuildSettingsInEnvironment = 1;
			productName = Clean;
		};
/* End PBXLegacyTarget section */

/* Begin PBXNativeTarget section */
		9073CFEE23F5BB71003B5B4D /* Index */ = {
			isa = PBXNativeTarget;
			buildConfigurationList = 9073D00423F5BB71003B5B4D /* Build configuration list for PBXNativeTarget "Index" */;
			buildPhases = (
				9073CFED23F5BB71003B5B4D /* Sources */,
			);
			buildRules = (
			);
			dependencies = (
			);
			name = Index;
			productName = Index;
			productReference = 9073CFEF23F5BB71003B5B4D /* Index */;
			productType = "com.apple.product-type.tool";
		};
/* End PBXNativeTarget section */

/* Begin PBXProject section */
		9073CFE523F5BB71003B5B4D /* Project object */ = {
			isa = PBXProject;
			attributes = {
				LastUpgradeCheck = 0720;
				ORGANIZATIONNAME = "morgan venandy";
				TargetAttributes = {
					9073CFE923F5BB71003B5B4D = {
						CreatedOnToolsVersion = 7.2.1;
					};
					9073CFEA23F5BB71003B5B4D = {
						CreatedOnToolsVersion = 7.2.1;
					};
					9073CFEB23F5BB71003B5B4D = {
						CreatedOnToolsVersion = 7.2.1;
					};
					9073CFEC23F5BB71003B5B4D = {
						CreatedOnToolsVersion = 7.2.1;
					};
					9073CFEE23F5BB71003B5B4D = {
						CreatedOnToolsVersion = 7.2.1;
					};
				};
			};
			buildConfigurationList = 9073CFE823F5BB71003B5B4D /* Build configuration list for PBXProject "LawnMower_SlaveBoard" */;
			compatibilityVersion = "Xcode 3.2";
			developmentRegion = English;
			hasScannedForEncodings = 0;
			knownRegions = (
				en,
			);
			mainGroup = 9073CFE423F5BB71003B5B4D;
			productRefGroup = 9073CFF023F5BB71003B5B4D /* Products */;
			projectDirPath = "";
			projectRoot = "";
			targets = (
				9073CFE923F5BB71003B5B4D /* All */,
				9073CFEA23F5BB71003B5B4D /* Build */,
				9073CFEB23F5BB71003B5B4D /* Upload */,
				9073CFEC23F5BB71003B5B4D /* Clean */,
				9073CFEE23F5BB71003B5B4D /* Index */,
			);
		};
/* End PBXProject section */

/* Begin PBXSourcesBuildPhase section */
		9073CFED23F5BB71003B5B4D /* Sources */ = {
			isa = PBXSourcesBuildPhase;
			buildActionMask = 2147483647;
			files = (
				9073D01523F5BEB8003B5B4D /* interrupt.c in Sources */,
				9073D01823F5BEC6003B5B4D /* sensors.c in Sources */,
				90E77FC024005E01007A303D /* twi.c in Sources */,
				9073D01B23F5BED5003B5B4D /* uart.c in Sources */,
				9073D00D23F5BE86003B5B4D /* gps.c in Sources */,
				9073D00923F5BE5C003B5B4D /* adc.c in Sources */,
				9073D01323F5BEA9003B5B4D /* initialisation.c in Sources */,
				9073CFF323F5BB71003B5B4D /* main.c in Sources */,
			);
			runOnlyForDeploymentPostprocessing = 0;
		};
/* End PBXSourcesBuildPhase section */

/* Begin XCBuildConfiguration section */
		9073CFF623F5BB71003B5B4D /* Debug */ = {
			isa = XCBuildConfiguration;
			buildSettings = {
				ALWAYS_SEARCH_USER_PATHS = NO;
				CLANG_CXX_LANGUAGE_STANDARD = "gnu++0x";
				CLANG_CXX_LIBRARY = "libc++";
				CLANG_ENABLE_MODULES = YES;
				CLANG_ENABLE_OBJC_ARC = YES;
				CLANG_WARN_BOOL_CONVERSION = YES;
				CLANG_WARN_CONSTANT_CONVERSION = YES;
				CLANG_WARN_DIRECT_OBJC_ISA_USAGE = YES_ERROR;
				CLANG_WARN_EMPTY_BODY = YES;
				CLANG_WARN_ENUM_CONVERSION = YES;
				CLANG_WARN_INT_CONVERSION = YES;
				CLANG_WARN_OBJC_ROOT_CLASS = YES_ERROR;
				CLANG_WARN_UNREACHABLE_CODE = YES;
				CLANG_WARN__DUPLICATE_METHOD_MATCH = YES;
				COPY_PHASE_STRIP = NO;
				DEBUG_INFORMATION_FORMAT = dwarf;
				ENABLE_STRICT_OBJC_MSGSEND = YES;
				ENABLE_TESTABILITY = YES;
				GCC_C_LANGUAGE_STANDARD = gnu99;
				GCC_DYNAMIC_NO_PIC = NO;
				GCC_NO_COMMON_BLOCKS = YES;
				GCC_OPTIMIZATION_LEVEL = 0;
				GCC_PREPROCESSOR_DEFINITIONS = (
					"DEBUG=1,",
					"__AVR_ATmega328P__,",
					"F_CPU=8000000",
				);
				GCC_WARN_64_TO_32_BIT_CONVERSION = YES;
				GCC_WARN_ABOUT_RETURN_TYPE = YES_ERROR;
				GCC_WARN_UNDECLARED_SELECTOR = YES;
				GCC_WARN_UNINITIALIZED_AUTOS = YES_AGGRESSIVE;
				GCC_WARN_UNUSED_FUNCTION = YES;
				GCC_WARN_UNUSED_VARIABLE = YES;
				HEADER_SEARCH_PATHS = (
					"/usr/local/Cellar/avr-gcc/9.2.0_1/lib/avr-gcc/9/gcc/avr/9.2.0/include",
					"/usr/local/Cellar/avr-gcc/9.2.0_1/lib/avr-gcc/9/gcc/avr/9.2.0/include-fixed",
					"/usr/local/Cellar/avr-gcc/9.2.0_1/avr/include",
				);
				MTL_ENABLE_DEBUG_INFO = YES;
				ONLY_ACTIVE_ARCH = YES;
				PATH = "$(PATH):$(PROJECT_DIR)";
				PRODUCT_NAME = "$(TARGET_NAME)";
			};
			name = Debug;
		};
		9073CFF723F5BB71003B5B4D /* Release */ = {
			isa = XCBuildConfiguration;
			buildSettings = {
				ALWAYS_SEARCH_USER_PATHS = NO;
				CLANG_CXX_LANGUAGE_STANDARD = "gnu++0x";
				CLANG_CXX_LIBRARY = "libc++";
				CLANG_ENABLE_MODULES = YES;
				CLANG_ENABLE_OBJC_ARC = YES;
				CLANG_WARN_BOOL_CONVERSION = YES;
				CLANG_WARN_CONSTANT_CONVERSION = YES;
				CLANG_WARN_DIRECT_OBJC_ISA_USAGE = YES_ERROR;
				CLANG_WARN_EMPTY_BODY = YES;
				CLANG_WARN_ENUM_CONVERSION = YES;
				CLANG_WARN_INT_CONVERSION = YES;
				CLANG_WARN_OBJC_ROOT_CLASS = YES_ERROR;
				CLANG_WARN_UNREACHABLE_CODE = YES;
				CLANG_WARN__DUPLICATE_METHOD_MATCH = YES;
				COPY_PHASE_STRIP = NO;
				DEBUG_INFORMATION_FORMAT = "dwarf-with-dsym";
				ENABLE_NS_ASSERTIONS = NO;
				ENABLE_STRICT_OBJC_MSGSEND = YES;
				GCC_C_LANGUAGE_STANDARD = gnu99;
				GCC_NO_COMMON_BLOCKS = YES;
				GCC_PREPROCESSOR_DEFINITIONS = (
					"__AVR_ATmega328P__,",
					"F_CPU=8000000",
				);
				GCC_WARN_64_TO_32_BIT_CONVERSION = YES;
				GCC_WARN_ABOUT_RETURN_TYPE = YES_ERROR;
				GCC_WARN_UNDECLARED_SELECTOR = YES;
				GCC_WARN_UNINITIALIZED_AUTOS = YES_AGGRESSIVE;
				GCC_WARN_UNUSED_FUNCTION = YES;
				GCC_WARN_UNUSED_VARIABLE = YES;
				HEADER_SEARCH_PATHS = (
					"/usr/local/Cellar/avr-gcc/9.2.0_1/lib/avr-gcc/9/gcc/avr/9.2.0/include",
					"/usr/local/Cellar/avr-gcc/9.2.0_1/lib/avr-gcc/9/gcc/avr/9.2.0/include-fixed",
					"/usr/local/Cellar/avr-gcc/9.2.0_1/avr/include",
				);
				MTL_ENABLE_DEBUG_INFO = NO;
				PATH = "$(PATH):$(PROJECT_DIR)";
				PRODUCT_NAME = "$(TARGET_NAME)";
			};
			name = Release;
		};
		9073CFF923F5BB71003B5B4D /* Debug */ = {
			isa = XCBuildConfiguration;
			buildSettings = {
				PRODUCT_NAME = "$(TARGET_NAME)";
			};
			name = Debug;
		};
		9073CFFA23F5BB71003B5B4D /* Release */ = {
			isa = XCBuildConfiguration;
			buildSettings = {
				PRODUCT_NAME = "$(TARGET_NAME)";
			};
			name = Release;
		};
		9073CFFC23F5BB71003B5B4D /* Debug */ = {
			isa = XCBuildConfiguration;
			buildSettings = {
			};
			name = Debug;
		};
		9073CFFD23F5BB71003B5B4D /* Release */ = {
			isa = XCBuildConfiguration;
			buildSettings = {
			};
			name = Release;
		};
		9073CFFF23F5BB71003B5B4D /* Debug */ = {
			isa = XCBuildConfiguration;
			buildSettings = {
			};
			name = Debug;
		};
		9073D00023F5BB71003B5B4D /* Release */ = {
			isa = XCBuildConfiguration;
			buildSettings = {
			};
			name = Release;
		};
		9073D00223F5BB71003B5B4D /* Debug */ = {
			isa = XCBuildConfiguration;
			buildSettings = {
			};
			name = Debug;
		};
		9073D00323F5BB71003B5B4D /* Release */ = {
			isa = XCBuildConfiguration;
			buildSettings = {
			};
			name = Release;
		};
		9073D00523F5BB71003B5B4D /* Debug */ = {
			isa = XCBuildConfiguration;
			buildSettings = {
				INSTALL_PATH = /usr/local/bin;
			};
			name = Debug;
		};
		9073D00623F5BB71003B5B4D /* Release */ = {
			isa = XCBuildConfiguration;
			buildSettings = {
				INSTALL_PATH = /usr/local/bin;
			};
			name = Release;
		};
/* End XCBuildConfiguration section */

/* Begin XCConfigurationList section */
		9073CFE823F5BB71003B5B4D /* Build configuration list for PBXProject "LawnMower_SlaveBoard" */ = {
			isa = XCConfigurationList;
			buildConfigurations = (
				9073CFF623F5BB71003B5B4D /* Debug */,
				9073CFF723F5BB71003B5B4D /* Release */,
			);
			defaultConfigurationIsVisible = 0;
			defaultConfigurationName = Release;
		};
		9073CFF823F5BB71003B5B4D /* Build configuration list for PBXLegacyTarget "All" */ = {
			isa = XCConfigurationList;
			buildConfigurations = (
				9073CFF923F5BB71003B5B4D /* Debug */,
				9073CFFA23F5BB71003B5B4D /* Release */,
			);
			defaultConfigurationIsVisible = 0;
			defaultConfigurationName = Release;
		};
		9073CFFB23F5BB71003B5B4D /* Build configuration list for PBXLegacyTarget "Build" */ = {
			isa = XCConfigurationList;
			buildConfigurations = (
				9073CFFC23F5BB71003B5B4D /* Debug */,
				9073CFFD23F5BB71003B5B4D /* Release */,
			);
			defaultConfigurationIsVisible = 0;
			defaultConfigurationName = Release;
		};
		9073CFFE23F5BB71003B5B4D /* Build configuration list for PBXLegacyTarget "Upload" */ = {
			isa = XCConfigurationList;
			buildConfigurations = (
				9073CFFF23F5BB71003B5B4D /* Debug */,
				9073D00023F5BB71003B5B4D /* Release */,
			);
			defaultConfigurationIsVisible = 0;
			defaultConfigurationName = Release;
		};
		9073D00123F5BB71003B5B4D /* Build configuration list for PBXLegacyTarget "Clean" */ = {
			isa = XCConfigurationList;
			buildConfigurations = (
				9073D00223F5BB71003B5B4D /* Debug */,
				9073D00323F5BB71003B5B4D /* Release */,
			);
			defaultConfigurationIsVisible = 0;
			defaultConfigurationName = Release;
		};
		9073D00423F5BB71003B5B4D /* Build configuration list for PBXNativeTarget "Index" */ = {
			isa = XCConfigurationList;
			buildConfigurations = (
				9073D00523F5BB71003B5B4D /* Debug */,
				9073D00623F5BB71003B5B4D /* Release */,
			);
			defaultConfigurationIsVisible = 0;
			defaultConfigurationName = Release;
		};
/* End XCConfigurationList section */
	};
	rootObject = 9073CFE523F5BB71003B5B4D /* Project object */;
}
